PODS:
  - Flutter (1.0.0)
  - qr_scan (0.0.1):
    - Flutter

DEPENDENCIES:
  - Flutter (from `.symlinks/flutter/ios`)
  - qr_scan (from `.symlinks/plugins/qr_scan/ios`)

EXTERNAL SOURCES:
  Flutter:
    :path: ".symlinks/flutter/ios"
  qr_scan:
    :path: ".symlinks/plugins/qr_scan/ios"

SPEC CHECKSUMS:
  Flutter: 0e3d915762c693b495b44d77113d4970485de6ec
  qr_scan: e1339d12436ad1417402aeef043ec347d01bfda5

PODFILE CHECKSUM: 2c26e2bafa90f053205a9e99ab1fdce88251e293

COCOAPODS: 1.8.4
