PODS:
  - Flutter (1.0.0)
  - flutter_native_barcode_scanner (0.4.2):
    - Flutter

DEPENDENCIES:
  - Flutter (from `Flutter`)
  - flutter_native_barcode_scanner (from `.symlinks/plugins/flutter_native_barcode_scanner/ios`)

EXTERNAL SOURCES:
  Flutter:
    :path: Flutter
  flutter_native_barcode_scanner:
    :path: ".symlinks/plugins/flutter_native_barcode_scanner/ios"

SPEC CHECKSUMS:
  Flutter: 434fef37c0980e73bb6479ef766c45957d4b510c
  flutter_native_barcode_scanner: 8ce4a24af206975c21dac872466419f44ad8cd44

PODFILE CHECKSUM: fe0e1ee7f3d1f7d00b11b474b62dd62134535aea

COCOAPODS: 1.10.1
