PODS:
  - Flutter (1.0.0)
  - flutter_native_barcode_scanner (0.5.0):
    - Flutter

DEPENDENCIES:
  - Flutter (from `Flutter`)
  - flutter_native_barcode_scanner (from `.symlinks/plugins/flutter_native_barcode_scanner/ios`)

EXTERNAL SOURCES:
  Flutter:
    :path: Flutter
  flutter_native_barcode_scanner:
    :path: ".symlinks/plugins/flutter_native_barcode_scanner/ios"

SPEC CHECKSUMS:
  Flutter: f04841e97a9d0b0a8025694d0796dd46242b2854
  flutter_native_barcode_scanner: b262d5ad6b14b63acf2a723e358bcaa2d041c681

PODFILE CHECKSUM: fe0e1ee7f3d1f7d00b11b474b62dd62134535aea

COCOAPODS: 1.14.3
